
Microsoft Visual Studio Solution File, Format Version 12.00
# Visual Studio Version 16
VisualStudioVersion = 16.0.34407.143
MinimumVisualStudioVersion = 10.0.40219.1
Project("{888888A0-9F3D-457C-B088-3A5042F75D52}") = "Face Recognition", "Face Recognition\Face Recognition.pyproj", "{29FB8C9D-65BD-4503-AD07-153644E8CAD5}"
EndProject
Global
	GlobalSection(SolutionConfigurationPlatforms) = preSolution
		Debug|Any CPU = Debug|Any CPU
		Release|Any CPU = Release|Any CPU
	EndGlobalSection
	GlobalSection(ProjectConfigurationPlatforms) = postSolution
		{29FB8C9D-65BD-4503-AD07-153644E8CAD5}.Debug|Any CPU.ActiveCfg = Debug|Any CPU
		{29FB8C9D-65BD-4503-AD07-153644E8CAD5}.Release|Any CPU.ActiveCfg = Release|Any CPU
	EndGlobalSection
	GlobalSection(SolutionProperties) = preSolution
		HideSolutionNode = FALSE
	EndGlobalSection
	GlobalSection(ExtensibilityGlobals) = postSolution
		SolutionGuid = {A4532194-0802-4C5A-AED6-6EA0EAE1D470}
	EndGlobalSection
EndGlobal
